// !$*UTF8*$!
{
	archiveVersion = 1;
	classes = {
	};
	objectVersion = 50;
	objects = {

/* Begin PBXBuildFile section */
		8596F13300B0C7974F88E3B6 /* Pods_DemoAPI.framework in Frameworks */ = {isa = PBXBuildFile; fileRef = 72CEF901E223B57D63D38640 /* Pods_DemoAPI.framework */; };
		FD116A1320F9F7D10027F3F1 /* APIWordbookService.swift in Sources */ = {isa = PBXBuildFile; fileRef = FD116A1120F9F7D10027F3F1 /* APIWordbookService.swift */; };
		FD116A1620F9F91D0027F3F1 /* WordBook.swift in Sources */ = {isa = PBXBuildFile; fileRef = FD116A1520F9F91D0027F3F1 /* WordBook.swift */; };
		FDF8130720F9EDA800E999DA /* AppDelegate.swift in Sources */ = {isa = PBXBuildFile; fileRef = FDF8130620F9EDA800E999DA /* AppDelegate.swift */; };
		FDF8130920F9EDA800E999DA /* ViewController.swift in Sources */ = {isa = PBXBuildFile; fileRef = FDF8130820F9EDA800E999DA /* ViewController.swift */; };
		FDF8130C20F9EDA800E999DA /* Main.storyboard in Resources */ = {isa = PBXBuildFile; fileRef = FDF8130A20F9EDA800E999DA /* Main.storyboard */; };
		FDF8130E20F9EDAA00E999DA /* Assets.xcassets in Resources */ = {isa = PBXBuildFile; fileRef = FDF8130D20F9EDAA00E999DA /* Assets.xcassets */; };
		FDF8131120F9EDAA00E999DA /* LaunchScreen.storyboard in Resources */ = {isa = PBXBuildFile; fileRef = FDF8130F20F9EDAA00E999DA /* LaunchScreen.storyboard */; };
		FDF8131C20F9EDAA00E999DA /* DemoAPITests.swift in Sources */ = {isa = PBXBuildFile; fileRef = FDF8131B20F9EDAA00E999DA /* DemoAPITests.swift */; };
		FDF8132720F9EDAA00E999DA /* DemoAPIUITests.swift in Sources */ = {isa = PBXBuildFile; fileRef = FDF8132620F9EDAA00E999DA /* DemoAPIUITests.swift */; };
		FDF8135020F9EE8400E999DA /* Provider.swift in Sources */ = {isa = PBXBuildFile; fileRef = FDF8134820F9EE8400E999DA /* Provider.swift */; };
		FDF8135120F9EE8400E999DA /* NetworkSession.swift in Sources */ = {isa = PBXBuildFile; fileRef = FDF8134920F9EE8400E999DA /* NetworkSession.swift */; };
		FDF8135220F9EE8400E999DA /* APIURL.swift in Sources */ = {isa = PBXBuildFile; fileRef = FDF8134A20F9EE8400E999DA /* APIURL.swift */; };
		FDF8135320F9EE8400E999DA /* ApiError.swift in Sources */ = {isa = PBXBuildFile; fileRef = FDF8134B20F9EE8400E999DA /* ApiError.swift */; };
		FDF8135420F9EE8400E999DA /* Network.swift in Sources */ = {isa = PBXBuildFile; fileRef = FDF8134C20F9EE8400E999DA /* Network.swift */; };
		FDF8135520F9EE8400E999DA /* Response.swift in Sources */ = {isa = PBXBuildFile; fileRef = FDF8134D20F9EE8400E999DA /* Response.swift */; };
		FDF8135620F9EE8400E999DA /* ResponseError.swift in Sources */ = {isa = PBXBuildFile; fileRef = FDF8134E20F9EE8400E999DA /* ResponseError.swift */; };
/* End PBXBuildFile section */

/* Begin PBXContainerItemProxy section */
		FDF8131820F9EDAA00E999DA /* PBXContainerItemProxy */ = {
			isa = PBXContainerItemProxy;
			containerPortal = FDF812FB20F9EDA800E999DA /* Project object */;
			proxyType = 1;
			remoteGlobalIDString = FDF8130220F9EDA800E999DA;
			remoteInfo = DemoAPI;
		};
		FDF8132320F9EDAA00E999DA /* PBXContainerItemProxy */ = {
			isa = PBXContainerItemProxy;
			containerPortal = FDF812FB20F9EDA800E999DA /* Project object */;
			proxyType = 1;
			remoteGlobalIDString = FDF8130220F9EDA800E999DA;
			remoteInfo = DemoAPI;
		};
/* End PBXContainerItemProxy section */

/* Begin PBXFileReference section */
		72CEF901E223B57D63D38640 /* Pods_DemoAPI.framework */ = {isa = PBXFileReference; explicitFileType = wrapper.framework; includeInIndex = 0; path = Pods_DemoAPI.framework; sourceTree = BUILT_PRODUCTS_DIR; };
		A9A9BE492E18E5328BA539A2 /* Pods_DemoAPITests.framework */ = {isa = PBXFileReference; explicitFileType = wrapper.framework; includeInIndex = 0; path = Pods_DemoAPITests.framework; sourceTree = BUILT_PRODUCTS_DIR; };
		E7C295C828A0937A7F45B16E /* Pods-DemoAPI.release.xcconfig */ = {isa = PBXFileReference; includeInIndex = 1; lastKnownFileType = text.xcconfig; name = "Pods-DemoAPI.release.xcconfig"; path = "Pods/Target Support Files/Pods-DemoAPI/Pods-DemoAPI.release.xcconfig"; sourceTree = "<group>"; };
		EAEF48419DF4083ABE883654 /* Pods-DemoAPI.debug.xcconfig */ = {isa = PBXFileReference; includeInIndex = 1; lastKnownFileType = text.xcconfig; name = "Pods-DemoAPI.debug.xcconfig"; path = "Pods/Target Support Files/Pods-DemoAPI/Pods-DemoAPI.debug.xcconfig"; sourceTree = "<group>"; };
		FD116A1120F9F7D10027F3F1 /* APIWordbookService.swift */ = {isa = PBXFileReference; fileEncoding = 4; lastKnownFileType = sourcecode.swift; path = APIWordbookService.swift; sourceTree = "<group>"; };
		FD116A1520F9F91D0027F3F1 /* WordBook.swift */ = {isa = PBXFileReference; fileEncoding = 4; lastKnownFileType = sourcecode.swift; path = WordBook.swift; sourceTree = "<group>"; };
		FDF8130320F9EDA800E999DA /* DemoAPI.app */ = {isa = PBXFileReference; explicitFileType = wrapper.application; includeInIndex = 0; path = DemoAPI.app; sourceTree = BUILT_PRODUCTS_DIR; };
		FDF8130620F9EDA800E999DA /* AppDelegate.swift */ = {isa = PBXFileReference; lastKnownFileType = sourcecode.swift; path = AppDelegate.swift; sourceTree = "<group>"; };
		FDF8130820F9EDA800E999DA /* ViewController.swift */ = {isa = PBXFileReference; lastKnownFileType = sourcecode.swift; path = ViewController.swift; sourceTree = "<group>"; };
		FDF8130B20F9EDA800E999DA /* Base */ = {isa = PBXFileReference; lastKnownFileType = file.storyboard; name = Base; path = Base.lproj/Main.storyboard; sourceTree = "<group>"; };
		FDF8130D20F9EDAA00E999DA /* Assets.xcassets */ = {isa = PBXFileReference; lastKnownFileType = folder.assetcatalog; path = Assets.xcassets; sourceTree = "<group>"; };
		FDF8131020F9EDAA00E999DA /* Base */ = {isa = PBXFileReference; lastKnownFileType = file.storyboard; name = Base; path = Base.lproj/LaunchScreen.storyboard; sourceTree = "<group>"; };
		FDF8131220F9EDAA00E999DA /* Info.plist */ = {isa = PBXFileReference; lastKnownFileType = text.plist.xml; path = Info.plist; sourceTree = "<group>"; };
		FDF8131720F9EDAA00E999DA /* DemoAPITests.xctest */ = {isa = PBXFileReference; explicitFileType = wrapper.cfbundle; includeInIndex = 0; path = DemoAPITests.xctest; sourceTree = BUILT_PRODUCTS_DIR; };
		FDF8131B20F9EDAA00E999DA /* DemoAPITests.swift */ = {isa = PBXFileReference; lastKnownFileType = sourcecode.swift; path = DemoAPITests.swift; sourceTree = "<group>"; };
		FDF8131D20F9EDAA00E999DA /* Info.plist */ = {isa = PBXFileReference; lastKnownFileType = text.plist.xml; path = Info.plist; sourceTree = "<group>"; };
		FDF8132220F9EDAA00E999DA /* DemoAPIUITests.xctest */ = {isa = PBXFileReference; explicitFileType = wrapper.cfbundle; includeInIndex = 0; path = DemoAPIUITests.xctest; sourceTree = BUILT_PRODUCTS_DIR; };
		FDF8132620F9EDAA00E999DA /* DemoAPIUITests.swift */ = {isa = PBXFileReference; lastKnownFileType = sourcecode.swift; path = DemoAPIUITests.swift; sourceTree = "<group>"; };
		FDF8132820F9EDAA00E999DA /* Info.plist */ = {isa = PBXFileReference; lastKnownFileType = text.plist.xml; path = Info.plist; sourceTree = "<group>"; };
		FDF8134820F9EE8400E999DA /* Provider.swift */ = {isa = PBXFileReference; fileEncoding = 4; lastKnownFileType = sourcecode.swift; path = Provider.swift; sourceTree = "<group>"; };
		FDF8134920F9EE8400E999DA /* NetworkSession.swift */ = {isa = PBXFileReference; fileEncoding = 4; lastKnownFileType = sourcecode.swift; path = NetworkSession.swift; sourceTree = "<group>"; };
		FDF8134A20F9EE8400E999DA /* APIURL.swift */ = {isa = PBXFileReference; fileEncoding = 4; lastKnownFileType = sourcecode.swift; path = APIURL.swift; sourceTree = "<group>"; };
		FDF8134B20F9EE8400E999DA /* ApiError.swift */ = {isa = PBXFileReference; fileEncoding = 4; lastKnownFileType = sourcecode.swift; path = ApiError.swift; sourceTree = "<group>"; };
		FDF8134C20F9EE8400E999DA /* Network.swift */ = {isa = PBXFileReference; fileEncoding = 4; lastKnownFileType = sourcecode.swift; path = Network.swift; sourceTree = "<group>"; };
		FDF8134D20F9EE8400E999DA /* Response.swift */ = {isa = PBXFileReference; fileEncoding = 4; lastKnownFileType = sourcecode.swift; path = Response.swift; sourceTree = "<group>"; };
		FDF8134E20F9EE8400E999DA /* ResponseError.swift */ = {isa = PBXFileReference; fileEncoding = 4; lastKnownFileType = sourcecode.swift; path = ResponseError.swift; sourceTree = "<group>"; };
/* End PBXFileReference section */

/* Begin PBXFrameworksBuildPhase section */
		FDF8130020F9EDA800E999DA /* Frameworks */ = {
			isa = PBXFrameworksBuildPhase;
			buildActionMask = 2147483647;
			files = (
				8596F13300B0C7974F88E3B6 /* Pods_DemoAPI.framework in Frameworks */,
			);
			runOnlyForDeploymentPostprocessing = 0;
		};
		FDF8131420F9EDAA00E999DA /* Frameworks */ = {
			isa = PBXFrameworksBuildPhase;
			buildActionMask = 2147483647;
			files = (
			);
			runOnlyForDeploymentPostprocessing = 0;
		};
		FDF8131F20F9EDAA00E999DA /* Frameworks */ = {
			isa = PBXFrameworksBuildPhase;
			buildActionMask = 2147483647;
			files = (
			);
			runOnlyForDeploymentPostprocessing = 0;
		};
/* End PBXFrameworksBuildPhase section */

/* Begin PBXGroup section */
		AC4FF35440A10846666CD421 /* Frameworks */ = {
			isa = PBXGroup;
			children = (
				A9A9BE492E18E5328BA539A2 /* Pods_DemoAPITests.framework */,
				72CEF901E223B57D63D38640 /* Pods_DemoAPI.framework */,
			);
			name = Frameworks;
			sourceTree = "<group>";
		};
		C29635C3395D64661C6A0E77 /* Pods */ = {
			isa = PBXGroup;
			children = (
				EAEF48419DF4083ABE883654 /* Pods-DemoAPI.debug.xcconfig */,
				E7C295C828A0937A7F45B16E /* Pods-DemoAPI.release.xcconfig */,
			);
			name = Pods;
			sourceTree = "<group>";
		};
		FD116A1020F9F7D10027F3F1 /* APIServices */ = {
			isa = PBXGroup;
			children = (
				FD116A1120F9F7D10027F3F1 /* APIWordbookService.swift */,
			);
			path = APIServices;
			sourceTree = "<group>";
		};
		FDF812FA20F9EDA800E999DA = {
			isa = PBXGroup;
			children = (
				FDF8133420F9EDDA00E999DA /* Networking */,
				FDF8130520F9EDA800E999DA /* DemoAPI */,
				FDF8131A20F9EDAA00E999DA /* DemoAPITests */,
				FDF8132520F9EDAA00E999DA /* DemoAPIUITests */,
				FDF8130420F9EDA800E999DA /* Products */,
				C29635C3395D64661C6A0E77 /* Pods */,
				AC4FF35440A10846666CD421 /* Frameworks */,
			);
			sourceTree = "<group>";
		};
		FDF8130420F9EDA800E999DA /* Products */ = {
			isa = PBXGroup;
			children = (
				FDF8130320F9EDA800E999DA /* DemoAPI.app */,
				FDF8131720F9EDAA00E999DA /* DemoAPITests.xctest */,
				FDF8132220F9EDAA00E999DA /* DemoAPIUITests.xctest */,
			);
			name = Products;
			sourceTree = "<group>";
		};
		FDF8130520F9EDA800E999DA /* DemoAPI */ = {
			isa = PBXGroup;
			children = (
				FDF8130620F9EDA800E999DA /* AppDelegate.swift */,
				FDF8130820F9EDA800E999DA /* ViewController.swift */,
				FDF8130A20F9EDA800E999DA /* Main.storyboard */,
				FDF8130D20F9EDAA00E999DA /* Assets.xcassets */,
				FDF8130F20F9EDAA00E999DA /* LaunchScreen.storyboard */,
				FDF8131220F9EDAA00E999DA /* Info.plist */,
			);
			path = DemoAPI;
			sourceTree = "<group>";
		};
		FDF8131A20F9EDAA00E999DA /* DemoAPITests */ = {
			isa = PBXGroup;
			children = (
				FDF8131B20F9EDAA00E999DA /* DemoAPITests.swift */,
				FDF8131D20F9EDAA00E999DA /* Info.plist */,
			);
			path = DemoAPITests;
			sourceTree = "<group>";
		};
		FDF8132520F9EDAA00E999DA /* DemoAPIUITests */ = {
			isa = PBXGroup;
			children = (
				FDF8132620F9EDAA00E999DA /* DemoAPIUITests.swift */,
				FDF8132820F9EDAA00E999DA /* Info.plist */,
			);
			path = DemoAPIUITests;
			sourceTree = "<group>";
		};
		FDF8133420F9EDDA00E999DA /* Networking */ = {
			isa = PBXGroup;
			children = (
				FD116A1520F9F91D0027F3F1 /* WordBook.swift */,
				FD116A1020F9F7D10027F3F1 /* APIServices */,
				FDF8134B20F9EE8400E999DA /* ApiError.swift */,
				FDF8134A20F9EE8400E999DA /* APIURL.swift */,
				FDF8134C20F9EE8400E999DA /* Network.swift */,
				FDF8134920F9EE8400E999DA /* NetworkSession.swift */,
				FDF8134820F9EE8400E999DA /* Provider.swift */,
				FDF8134D20F9EE8400E999DA /* Response.swift */,
				FDF8134E20F9EE8400E999DA /* ResponseError.swift */,
			);
			path = Networking;
			sourceTree = "<group>";
		};
/* End PBXGroup section */

/* Begin PBXNativeTarget section */
		FDF8130220F9EDA800E999DA /* DemoAPI */ = {
			isa = PBXNativeTarget;
			buildConfigurationList = FDF8132B20F9EDAA00E999DA /* Build configuration list for PBXNativeTarget "DemoAPI" */;
			buildPhases = (
				6F946B59FF14C7946395F155 /* [CP] Check Pods Manifest.lock */,
				FDF812FF20F9EDA800E999DA /* Sources */,
				FDF8130020F9EDA800E999DA /* Frameworks */,
				FDF8130120F9EDA800E999DA /* Resources */,
				E7663A8EA6908EB9A3E4BFEF /* [CP] Embed Pods Frameworks */,
			);
			buildRules = (
			);
			dependencies = (
			);
			name = DemoAPI;
			productName = DemoAPI;
			productReference = FDF8130320F9EDA800E999DA /* DemoAPI.app */;
			productType = "com.apple.product-type.application";
		};
		FDF8131620F9EDAA00E999DA /* DemoAPITests */ = {
			isa = PBXNativeTarget;
			buildConfigurationList = FDF8132E20F9EDAA00E999DA /* Build configuration list for PBXNativeTarget "DemoAPITests" */;
			buildPhases = (
				FDF8131320F9EDAA00E999DA /* Sources */,
				FDF8131420F9EDAA00E999DA /* Frameworks */,
				FDF8131520F9EDAA00E999DA /* Resources */,
			);
			buildRules = (
			);
			dependencies = (
				FDF8131920F9EDAA00E999DA /* PBXTargetDependency */,
			);
			name = DemoAPITests;
			productName = DemoAPITests;
			productReference = FDF8131720F9EDAA00E999DA /* DemoAPITests.xctest */;
			productType = "com.apple.product-type.bundle.unit-test";
		};
		FDF8132120F9EDAA00E999DA /* DemoAPIUITests */ = {
			isa = PBXNativeTarget;
			buildConfigurationList = FDF8133120F9EDAA00E999DA /* Build configuration list for PBXNativeTarget "DemoAPIUITests" */;
			buildPhases = (
				FDF8131E20F9EDAA00E999DA /* Sources */,
				FDF8131F20F9EDAA00E999DA /* Frameworks */,
				FDF8132020F9EDAA00E999DA /* Resources */,
			);
			buildRules = (
			);
			dependencies = (
				FDF8132420F9EDAA00E999DA /* PBXTargetDependency */,
			);
			name = DemoAPIUITests;
			productName = DemoAPIUITests;
			productReference = FDF8132220F9EDAA00E999DA /* DemoAPIUITests.xctest */;
			productType = "com.apple.product-type.bundle.ui-testing";
		};
/* End PBXNativeTarget section */

/* Begin PBXProject section */
		FDF812FB20F9EDA800E999DA /* Project object */ = {
			isa = PBXProject;
			attributes = {
				LastSwiftUpdateCheck = 0940;
				LastUpgradeCheck = 0940;
				ORGANIZATIONNAME = "Tien Dinh";
				TargetAttributes = {
					FDF8130220F9EDA800E999DA = {
						CreatedOnToolsVersion = 9.4.1;
					};
					FDF8131620F9EDAA00E999DA = {
						CreatedOnToolsVersion = 9.4.1;
						TestTargetID = FDF8130220F9EDA800E999DA;
					};
					FDF8132120F9EDAA00E999DA = {
						CreatedOnToolsVersion = 9.4.1;
						TestTargetID = FDF8130220F9EDA800E999DA;
					};
				};
			};
			buildConfigurationList = FDF812FE20F9EDA800E999DA /* Build configuration list for PBXProject "DemoAPI" */;
			compatibilityVersion = "Xcode 9.3";
			developmentRegion = en;
			hasScannedForEncodings = 0;
			knownRegions = (
				en,
				Base,
			);
			mainGroup = FDF812FA20F9EDA800E999DA;
			productRefGroup = FDF8130420F9EDA800E999DA /* Products */;
			projectDirPath = "";
			projectRoot = "";
			targets = (
				FDF8130220F9EDA800E999DA /* DemoAPI */,
				FDF8131620F9EDAA00E999DA /* DemoAPITests */,
				FDF8132120F9EDAA00E999DA /* DemoAPIUITests */,
			);
		};
/* End PBXProject section */

/* Begin PBXResourcesBuildPhase section */
		FDF8130120F9EDA800E999DA /* Resources */ = {
			isa = PBXResourcesBuildPhase;
			buildActionMask = 2147483647;
			files = (
				FDF8131120F9EDAA00E999DA /* LaunchScreen.storyboard in Resources */,
				FDF8130E20F9EDAA00E999DA /* Assets.xcassets in Resources */,
				FDF8130C20F9EDA800E999DA /* Main.storyboard in Resources */,
			);
			runOnlyForDeploymentPostprocessing = 0;
		};
		FDF8131520F9EDAA00E999DA /* Resources */ = {
			isa = PBXResourcesBuildPhase;
			buildActionMask = 2147483647;
			files = (
			);
			runOnlyForDeploymentPostprocessing = 0;
		};
		FDF8132020F9EDAA00E999DA /* Resources */ = {
			isa = PBXResourcesBuildPhase;
			buildActionMask = 2147483647;
			files = (
			);
			runOnlyForDeploymentPostprocessing = 0;
		};
/* End PBXResourcesBuildPhase section */

/* Begin PBXShellScriptBuildPhase section */
		6F946B59FF14C7946395F155 /* [CP] Check Pods Manifest.lock */ = {
			isa = PBXShellScriptBuildPhase;
			buildActionMask = 2147483647;
			files = (
			);
			inputPaths = (
				"${PODS_PODFILE_DIR_PATH}/Podfile.lock",
				"${PODS_ROOT}/Manifest.lock",
			);
			name = "[CP] Check Pods Manifest.lock";
			outputPaths = (
				"$(DERIVED_FILE_DIR)/Pods-DemoAPI-checkManifestLockResult.txt",
			);
			runOnlyForDeploymentPostprocessing = 0;
			shellPath = /bin/sh;
			shellScript = "diff \"${PODS_PODFILE_DIR_PATH}/Podfile.lock\" \"${PODS_ROOT}/Manifest.lock\" > /dev/null\nif [ $? != 0 ] ; then\n    # print error to STDERR\n    echo \"error: The sandbox is not in sync with the Podfile.lock. Run 'pod install' or update your CocoaPods installation.\" >&2\n    exit 1\nfi\n# This output is used by Xcode 'outputs' to avoid re-running this script phase.\necho \"SUCCESS\" > \"${SCRIPT_OUTPUT_FILE_0}\"\n";
			showEnvVarsInLog = 0;
		};
		E7663A8EA6908EB9A3E4BFEF /* [CP] Embed Pods Frameworks */ = {
			isa = PBXShellScriptBuildPhase;
			buildActionMask = 2147483647;
			files = (
			);
			inputPaths = (
				"${SRCROOT}/Pods/Target Support Files/Pods-DemoAPI/Pods-DemoAPI-frameworks.sh",
				"${BUILT_PRODUCTS_DIR}/Action/Action.framework",
				"${BUILT_PRODUCTS_DIR}/Alamofire/Alamofire.framework",
				"${BUILT_PRODUCTS_DIR}/AlamofireObjectMapper/AlamofireObjectMapper.framework",
				"${BUILT_PRODUCTS_DIR}/GoogleToolboxForMac/GoogleToolboxForMac.framework",
				"${BUILT_PRODUCTS_DIR}/IQKeyboardManagerSwift/IQKeyboardManagerSwift.framework",
				"${BUILT_PRODUCTS_DIR}/JTAppleCalendar/JTAppleCalendar.framework",
				"${BUILT_PRODUCTS_DIR}/KeychainSwift/KeychainSwift.framework",
				"${BUILT_PRODUCTS_DIR}/ObjectMapper/ObjectMapper.framework",
				"${BUILT_PRODUCTS_DIR}/PKHUD/PKHUD.framework",
				"${BUILT_PRODUCTS_DIR}/Protobuf/Protobuf.framework",
				"${BUILT_PRODUCTS_DIR}/RxAlamofire/RxAlamofire.framework",
				"${BUILT_PRODUCTS_DIR}/RxCocoa/RxCocoa.framework",
				"${BUILT_PRODUCTS_DIR}/RxSwift/RxSwift.framework",
				"${BUILT_PRODUCTS_DIR}/SDWebImage/SDWebImage.framework",
				"${BUILT_PRODUCTS_DIR}/SwiftyJSON/SwiftyJSON.framework",
				"${BUILT_PRODUCTS_DIR}/UIScrollView-InfiniteScroll/UIScrollView_InfiniteScroll.framework",
				"${BUILT_PRODUCTS_DIR}/nanopb/nanopb.framework",
			);
			name = "[CP] Embed Pods Frameworks";
			outputPaths = (
				"${TARGET_BUILD_DIR}/${FRAMEWORKS_FOLDER_PATH}/Action.framework",
				"${TARGET_BUILD_DIR}/${FRAMEWORKS_FOLDER_PATH}/Alamofire.framework",
				"${TARGET_BUILD_DIR}/${FRAMEWORKS_FOLDER_PATH}/AlamofireObjectMapper.framework",
				"${TARGET_BUILD_DIR}/${FRAMEWORKS_FOLDER_PATH}/GoogleToolboxForMac.framework",
				"${TARGET_BUILD_DIR}/${FRAMEWORKS_FOLDER_PATH}/IQKeyboardManagerSwift.framework",
				"${TARGET_BUILD_DIR}/${FRAMEWORKS_FOLDER_PATH}/JTAppleCalendar.framework",
				"${TARGET_BUILD_DIR}/${FRAMEWORKS_FOLDER_PATH}/KeychainSwift.framework",
				"${TARGET_BUILD_DIR}/${FRAMEWORKS_FOLDER_PATH}/ObjectMapper.framework",
				"${TARGET_BUILD_DIR}/${FRAMEWORKS_FOLDER_PATH}/PKHUD.framework",
				"${TARGET_BUILD_DIR}/${FRAMEWORKS_FOLDER_PATH}/Protobuf.framework",
				"${TARGET_BUILD_DIR}/${FRAMEWORKS_FOLDER_PATH}/RxAlamofire.framework",
				"${TARGET_BUILD_DIR}/${FRAMEWORKS_FOLDER_PATH}/RxCocoa.framework",
				"${TARGET_BUILD_DIR}/${FRAMEWORKS_FOLDER_PATH}/RxSwift.framework",
				"${TARGET_BUILD_DIR}/${FRAMEWORKS_FOLDER_PATH}/SDWebImage.framework",
				"${TARGET_BUILD_DIR}/${FRAMEWORKS_FOLDER_PATH}/SwiftyJSON.framework",
				"${TARGET_BUILD_DIR}/${FRAMEWORKS_FOLDER_PATH}/UIScrollView_InfiniteScroll.framework",
				"${TARGET_BUILD_DIR}/${FRAMEWORKS_FOLDER_PATH}/nanopb.framework",
			);
			runOnlyForDeploymentPostprocessing = 0;
			shellPath = /bin/sh;
			shellScript = "\"${SRCROOT}/Pods/Target Support Files/Pods-DemoAPI/Pods-DemoAPI-frameworks.sh\"\n";
			showEnvVarsInLog = 0;
		};
/* End PBXShellScriptBuildPhase section */

/* Begin PBXSourcesBuildPhase section */
		FDF812FF20F9EDA800E999DA /* Sources */ = {
			isa = PBXSourcesBuildPhase;
			buildActionMask = 2147483647;
			files = (
				FDF8135320F9EE8400E999DA /* ApiError.swift in Sources */,
				FDF8135020F9EE8400E999DA /* Provider.swift in Sources */,
				FDF8135420F9EE8400E999DA /* Network.swift in Sources */,
				FDF8135120F9EE8400E999DA /* NetworkSession.swift in Sources */,
				FD116A1320F9F7D10027F3F1 /* APIWordbookService.swift in Sources */,
				FDF8135520F9EE8400E999DA /* Response.swift in Sources */,
				FDF8130920F9EDA800E999DA /* ViewController.swift in Sources */,
				FD116A1620F9F91D0027F3F1 /* WordBook.swift in Sources */,
				FDF8135620F9EE8400E999DA /* ResponseError.swift in Sources */,
				FDF8135220F9EE8400E999DA /* APIURL.swift in Sources */,
				FDF8130720F9EDA800E999DA /* AppDelegate.swift in Sources */,
			);
			runOnlyForDeploymentPostprocessing = 0;
		};
		FDF8131320F9EDAA00E999DA /* Sources */ = {
			isa = PBXSourcesBuildPhase;
			buildActionMask = 2147483647;
			files = (
				FDF8131C20F9EDAA00E999DA /* DemoAPITests.swift in Sources */,
			);
			runOnlyForDeploymentPostprocessing = 0;
		};
		FDF8131E20F9EDAA00E999DA /* Sources */ = {
			isa = PBXSourcesBuildPhase;
			buildActionMask = 2147483647;
			files = (
				FDF8132720F9EDAA00E999DA /* DemoAPIUITests.swift in Sources */,
			);
			runOnlyForDeploymentPostprocessing = 0;
		};
/* End PBXSourcesBuildPhase section */

/* Begin PBXTargetDependency section */
		FDF8131920F9EDAA00E999DA /* PBXTargetDependency */ = {
			isa = PBXTargetDependency;
			target = FDF8130220F9EDA800E999DA /* DemoAPI */;
			targetProxy = FDF8131820F9EDAA00E999DA /* PBXContainerItemProxy */;
		};
		FDF8132420F9EDAA00E999DA /* PBXTargetDependency */ = {
			isa = PBXTargetDependency;
			target = FDF8130220F9EDA800E999DA /* DemoAPI */;
			targetProxy = FDF8132320F9EDAA00E999DA /* PBXContainerItemProxy */;
		};
/* End PBXTargetDependency section */

/* Begin PBXVariantGroup section */
		FDF8130A20F9EDA800E999DA /* Main.storyboard */ = {
			isa = PBXVariantGroup;
			children = (
				FDF8130B20F9EDA800E999DA /* Base */,
			);
			name = Main.storyboard;
			sourceTree = "<group>";
		};
		FDF8130F20F9EDAA00E999DA /* LaunchScreen.storyboard */ = {
			isa = PBXVariantGroup;
			children = (
				FDF8131020F9EDAA00E999DA /* Base */,
			);
			name = LaunchScreen.storyboard;
			sourceTree = "<group>";
		};
/* End PBXVariantGroup section */

/* Begin XCBuildConfiguration section */
		FDF8132920F9EDAA00E999DA /* Debug */ = {
			isa = XCBuildConfiguration;
			buildSettings = {
				ALWAYS_SEARCH_USER_PATHS = NO;
				CLANG_ANALYZER_NONNULL = YES;
				CLANG_ANALYZER_NUMBER_OBJECT_CONVERSION = YES_AGGRESSIVE;
				CLANG_CXX_LANGUAGE_STANDARD = "gnu++14";
				CLANG_CXX_LIBRARY = "libc++";
				CLANG_ENABLE_MODULES = YES;
				CLANG_ENABLE_OBJC_ARC = YES;
				CLANG_ENABLE_OBJC_WEAK = YES;
				CLANG_WARN_BLOCK_CAPTURE_AUTORELEASING = YES;
				CLANG_WARN_BOOL_CONVERSION = YES;
				CLANG_WARN_COMMA = YES;
				CLANG_WARN_CONSTANT_CONVERSION = YES;
				CLANG_WARN_DEPRECATED_OBJC_IMPLEMENTATIONS = YES;
				CLANG_WARN_DIRECT_OBJC_ISA_USAGE = YES_ERROR;
				CLANG_WARN_DOCUMENTATION_COMMENTS = YES;
				CLANG_WARN_EMPTY_BODY = YES;
				CLANG_WARN_ENUM_CONVERSION = YES;
				CLANG_WARN_INFINITE_RECURSION = YES;
				CLANG_WARN_INT_CONVERSION = YES;
				CLANG_WARN_NON_LITERAL_NULL_CONVERSION = YES;
				CLANG_WARN_OBJC_IMPLICIT_RETAIN_SELF = YES;
				CLANG_WARN_OBJC_LITERAL_CONVERSION = YES;
				CLANG_WARN_OBJC_ROOT_CLASS = YES_ERROR;
				CLANG_WARN_RANGE_LOOP_ANALYSIS = YES;
				CLANG_WARN_STRICT_PROTOTYPES = YES;
				CLANG_WARN_SUSPICIOUS_MOVE = YES;
				CLANG_WARN_UNGUARDED_AVAILABILITY = YES_AGGRESSIVE;
				CLANG_WARN_UNREACHABLE_CODE = YES;
				CLANG_WARN__DUPLICATE_METHOD_MATCH = YES;
				CODE_SIGN_IDENTITY = "iPhone Developer";
				COPY_PHASE_STRIP = NO;
				DEBUG_INFORMATION_FORMAT = dwarf;
				ENABLE_STRICT_OBJC_MSGSEND = YES;
				ENABLE_TESTABILITY = YES;
				GCC_C_LANGUAGE_STANDARD = gnu11;
				GCC_DYNAMIC_NO_PIC = NO;
				GCC_NO_COMMON_BLOCKS = YES;
				GCC_OPTIMIZATION_LEVEL = 0;
				GCC_PREPROCESSOR_DEFINITIONS = (
					"DEBUG=1",
					"$(inherited)",
				);
				GCC_WARN_64_TO_32_BIT_CONVERSION = YES;
				GCC_WARN_ABOUT_RETURN_TYPE = YES_ERROR;
				GCC_WARN_UNDECLARED_SELECTOR = YES;
				GCC_WARN_UNINITIALIZED_AUTOS = YES_AGGRESSIVE;
				GCC_WARN_UNUSED_FUNCTION = YES;
				GCC_WARN_UNUSED_VARIABLE = YES;
				IPHONEOS_DEPLOYMENT_TARGET = 11.4;
				MTL_ENABLE_DEBUG_INFO = YES;
				ONLY_ACTIVE_ARCH = YES;
				SDKROOT = iphoneos;
				SWIFT_ACTIVE_COMPILATION_CONDITIONS = DEBUG;
				SWIFT_OPTIMIZATION_LEVEL = "-Onone";
			};
			name = Debug;
		};
		FDF8132A20F9EDAA00E999DA /* Release */ = {
			isa = XCBuildConfiguration;
			buildSettings = {
				ALWAYS_SEARCH_USER_PATHS = NO;
				CLANG_ANALYZER_NONNULL = YES;
				CLANG_ANALYZER_NUMBER_OBJECT_CONVERSION = YES_AGGRESSIVE;
				CLANG_CXX_LANGUAGE_STANDARD = "gnu++14";
				CLANG_CXX_LIBRARY = "libc++";
				CLANG_ENABLE_MODULES = YES;
				CLANG_ENABLE_OBJC_ARC = YES;
				CLANG_ENABLE_OBJC_WEAK = YES;
				CLANG_WARN_BLOCK_CAPTURE_AUTORELEASING = YES;
				CLANG_WARN_BOOL_CONVERSION = YES;
				CLANG_WARN_COMMA = YES;
				CLANG_WARN_CONSTANT_CONVERSION = YES;
				CLANG_WARN_DEPRECATED_OBJC_IMPLEMENTATIONS = YES;
				CLANG_WARN_DIRECT_OBJC_ISA_USAGE = YES_ERROR;
				CLANG_WARN_DOCUMENTATION_COMMENTS = YES;
				CLANG_WARN_EMPTY_BODY = YES;
				CLANG_WARN_ENUM_CONVERSION = YES;
				CLANG_WARN_INFINITE_RECURSION = YES;
				CLANG_WARN_INT_CONVERSION = YES;
				CLANG_WARN_NON_LITERAL_NULL_CONVERSION = YES;
				CLANG_WARN_OBJC_IMPLICIT_RETAIN_SELF = YES;
				CLANG_WARN_OBJC_LITERAL_CONVERSION = YES;
				CLANG_WARN_OBJC_ROOT_CLASS = YES_ERROR;
				CLANG_WARN_RANGE_LOOP_ANALYSIS = YES;
				CLANG_WARN_STRICT_PROTOTYPES = YES;
				CLANG_WARN_SUSPICIOUS_MOVE = YES;
				CLANG_WARN_UNGUARDED_AVAILABILITY = YES_AGGRESSIVE;
				CLANG_WARN_UNREACHABLE_CODE = YES;
				CLANG_WARN__DUPLICATE_METHOD_MATCH = YES;
				CODE_SIGN_IDENTITY = "iPhone Developer";
				COPY_PHASE_STRIP = NO;
				DEBUG_INFORMATION_FORMAT = "dwarf-with-dsym";
				ENABLE_NS_ASSERTIONS = NO;
				ENABLE_STRICT_OBJC_MSGSEND = YES;
				GCC_C_LANGUAGE_STANDARD = gnu11;
				GCC_NO_COMMON_BLOCKS = YES;
				GCC_WARN_64_TO_32_BIT_CONVERSION = YES;
				GCC_WARN_ABOUT_RETURN_TYPE = YES_ERROR;
				GCC_WARN_UNDECLARED_SELECTOR = YES;
				GCC_WARN_UNINITIALIZED_AUTOS = YES_AGGRESSIVE;
				GCC_WARN_UNUSED_FUNCTION = YES;
				GCC_WARN_UNUSED_VARIABLE = YES;
				IPHONEOS_DEPLOYMENT_TARGET = 11.4;
				MTL_ENABLE_DEBUG_INFO = NO;
				SDKROOT = iphoneos;
				SWIFT_COMPILATION_MODE = wholemodule;
				SWIFT_OPTIMIZATION_LEVEL = "-O";
				VALIDATE_PRODUCT = YES;
			};
			name = Release;
		};
		FDF8132C20F9EDAA00E999DA /* Debug */ = {
			isa = XCBuildConfiguration;
			baseConfigurationReference = EAEF48419DF4083ABE883654 /* Pods-DemoAPI.debug.xcconfig */;
			buildSettings = {
				ASSETCATALOG_COMPILER_APPICON_NAME = AppIcon;
				CODE_SIGN_STYLE = Automatic;
				DEVELOPMENT_TEAM = 8256U8UK5C;
				INFOPLIST_FILE = DemoAPI/Info.plist;
				IPHONEOS_DEPLOYMENT_TARGET = 9.0;
				LD_RUNPATH_SEARCH_PATHS = (
					"$(inherited)",
					"@executable_path/Frameworks",
				);
				PRODUCT_BUNDLE_IDENTIFIER = Tien.DemoAPI;
				PRODUCT_NAME = "$(TARGET_NAME)";
				SWIFT_VERSION = 4.0;
				TARGETED_DEVICE_FAMILY = "1,2";
			};
			name = Debug;
		};
		FDF8132D20F9EDAA00E999DA /* Release */ = {
			isa = XCBuildConfiguration;
			baseConfigurationReference = E7C295C828A0937A7F45B16E /* Pods-DemoAPI.release.xcconfig */;
			buildSettings = {
				ASSETCATALOG_COMPILER_APPICON_NAME = AppIcon;
				CODE_SIGN_STYLE = Automatic;
				DEVELOPMENT_TEAM = 8256U8UK5C;
				INFOPLIST_FILE = DemoAPI/Info.plist;
				IPHONEOS_DEPLOYMENT_TARGET = 9.0;
				LD_RUNPATH_SEARCH_PATHS = (
					"$(inherited)",
					"@executable_path/Frameworks",
				);
				PRODUCT_BUNDLE_IDENTIFIER = Tien.DemoAPI;
				PRODUCT_NAME = "$(TARGET_NAME)";
				SWIFT_VERSION = 4.0;
				TARGETED_DEVICE_FAMILY = "1,2";
			};
			name = Release;
		};
		FDF8132F20F9EDAA00E999DA /* Debug */ = {
			isa = XCBuildConfiguration;
			buildSettings = {
				ALWAYS_EMBED_SWIFT_STANDARD_LIBRARIES = YES;
				BUNDLE_LOADER = "$(TEST_HOST)";
				CODE_SIGN_STYLE = Automatic;
				DEVELOPMENT_TEAM = 8256U8UK5C;
				INFOPLIST_FILE = DemoAPITests/Info.plist;
				LD_RUNPATH_SEARCH_PATHS = (
					"$(inherited)",
					"@executable_path/Frameworks",
					"@loader_path/Frameworks",
				);
				PRODUCT_BUNDLE_IDENTIFIER = Tien.DemoAPITests;
				PRODUCT_NAME = "$(TARGET_NAME)";
				SWIFT_VERSION = 4.0;
				TARGETED_DEVICE_FAMILY = "1,2";
				TEST_HOST = "$(BUILT_PRODUCTS_DIR)/DemoAPI.app/DemoAPI";
			};
			name = Debug;
		};
		FDF8133020F9EDAA00E999DA /* Release */ = {
			isa = XCBuildConfiguration;
			buildSettings = {
				ALWAYS_EMBED_SWIFT_STANDARD_LIBRARIES = YES;
				BUNDLE_LOADER = "$(TEST_HOST)";
				CODE_SIGN_STYLE = Automatic;
				DEVELOPMENT_TEAM = 8256U8UK5C;
				INFOPLIST_FILE = DemoAPITests/Info.plist;
				LD_RUNPATH_SEARCH_PATHS = (
					"$(inherited)",
					"@executable_path/Frameworks",
					"@loader_path/Frameworks",
				);
				PRODUCT_BUNDLE_IDENTIFIER = Tien.DemoAPITests;
				PRODUCT_NAME = "$(TARGET_NAME)";
				SWIFT_VERSION = 4.0;
				TARGETED_DEVICE_FAMILY = "1,2";
				TEST_HOST = "$(BUILT_PRODUCTS_DIR)/DemoAPI.app/DemoAPI";
			};
			name = Release;
		};
		FDF8133220F9EDAA00E999DA /* Debug */ = {
			isa = XCBuildConfiguration;
			buildSettings = {
				ALWAYS_EMBED_SWIFT_STANDARD_LIBRARIES = YES;
				CODE_SIGN_STYLE = Automatic;
				DEVELOPMENT_TEAM = 8256U8UK5C;
				INFOPLIST_FILE = DemoAPIUITests/Info.plist;
				LD_RUNPATH_SEARCH_PATHS = (
					"$(inherited)",
					"@executable_path/Frameworks",
					"@loader_path/Frameworks",
				);
				PRODUCT_BUNDLE_IDENTIFIER = Tien.DemoAPIUITests;
				PRODUCT_NAME = "$(TARGET_NAME)";
				SWIFT_VERSION = 4.0;
				TARGETED_DEVICE_FAMILY = "1,2";
				TEST_TARGET_NAME = DemoAPI;
			};
			name = Debug;
		};
		FDF8133320F9EDAA00E999DA /* Release */ = {
			isa = XCBuildConfiguration;
			buildSettings = {
				ALWAYS_EMBED_SWIFT_STANDARD_LIBRARIES = YES;
				CODE_SIGN_STYLE = Automatic;
				DEVELOPMENT_TEAM = 8256U8UK5C;
				INFOPLIST_FILE = DemoAPIUITests/Info.plist;
				LD_RUNPATH_SEARCH_PATHS = (
					"$(inherited)",
					"@executable_path/Frameworks",
					"@loader_path/Frameworks",
				);
				PRODUCT_BUNDLE_IDENTIFIER = Tien.DemoAPIUITests;
				PRODUCT_NAME = "$(TARGET_NAME)";
				SWIFT_VERSION = 4.0;
				TARGETED_DEVICE_FAMILY = "1,2";
				TEST_TARGET_NAME = DemoAPI;
			};
			name = Release;
		};
/* End XCBuildConfiguration section */

/* Begin XCConfigurationList section */
		FDF812FE20F9EDA800E999DA /* Build configuration list for PBXProject "DemoAPI" */ = {
			isa = XCConfigurationList;
			buildConfigurations = (
				FDF8132920F9EDAA00E999DA /* Debug */,
				FDF8132A20F9EDAA00E999DA /* Release */,
			);
			defaultConfigurationIsVisible = 0;
			defaultConfigurationName = Release;
		};
		FDF8132B20F9EDAA00E999DA /* Build configuration list for PBXNativeTarget "DemoAPI" */ = {
			isa = XCConfigurationList;
			buildConfigurations = (
				FDF8132C20F9EDAA00E999DA /* Debug */,
				FDF8132D20F9EDAA00E999DA /* Release */,
			);
			defaultConfigurationIsVisible = 0;
			defaultConfigurationName = Release;
		};
		FDF8132E20F9EDAA00E999DA /* Build configuration list for PBXNativeTarget "DemoAPITests" */ = {
			isa = XCConfigurationList;
			buildConfigurations = (
				FDF8132F20F9EDAA00E999DA /* Debug */,
				FDF8133020F9EDAA00E999DA /* Release */,
			);
			defaultConfigurationIsVisible = 0;
			defaultConfigurationName = Release;
		};
		FDF8133120F9EDAA00E999DA /* Build configuration list for PBXNativeTarget "DemoAPIUITests" */ = {
			isa = XCConfigurationList;
			buildConfigurations = (
				FDF8133220F9EDAA00E999DA /* Debug */,
				FDF8133320F9EDAA00E999DA /* Release */,
			);
			defaultConfigurationIsVisible = 0;
			defaultConfigurationName = Release;
		};
/* End XCConfigurationList section */
	};
	rootObject = FDF812FB20F9EDA800E999DA /* Project object */;
}
